
Microsoft Visual Studio Solution File, Format Version 12.00
# Visual Studio Version 16
VisualStudioVersion = 16.0.33529.622
MinimumVisualStudioVersion = 10.0.40219.1
Project("{FAE04EC0-301F-11D3-BF4B-00C04F79EFBC}") = "WindowsFormsApp1", "WindowsFormsApp1\WindowsFormsApp1.csproj", "{44EB86DD-6E7D-436C-944F-10E3CDED99CB}"
EndProject
Global
	GlobalSection(SolutionConfigurationPlatforms) = preSolution
		Debug|Any CPU = Debug|Any CPU
		Release|Any CPU = Release|Any CPU
	EndGlobalSection
	GlobalSection(ProjectConfigurationPlatforms) = postSolution
		{44EB86DD-6E7D-436C-944F-10E3CDED99CB}.Debug|Any CPU.ActiveCfg = Debug|Any CPU
		{44EB86DD-6E7D-436C-944F-10E3CDED99CB}.Debug|Any CPU.Build.0 = Debug|Any CPU
		{44EB86DD-6E7D-436C-944F-10E3CDED99CB}.Release|Any CPU.ActiveCfg = Release|Any CPU
		{44EB86DD-6E7D-436C-944F-10E3CDED99CB}.Release|Any CPU.Build.0 = Release|Any CPU
	EndGlobalSection
	GlobalSection(SolutionProperties) = preSolution
		HideSolutionNode = FALSE
	EndGlobalSection
	GlobalSection(ExtensibilityGlobals) = postSolution
		SolutionGuid = {36C6CF80-B1AA-4469-8FE2-9417014EEA7B}
	EndGlobalSection
EndGlobal
